<?xml version="1.0" encoding="utf-8"?>
<Project ToolsVersion="4.0" xmlns="http://schemas.microsoft.com/developer/msbuild/2003">
  <ItemGroup>
    <Filter Include="Source Files">
      <UniqueIdentifier>{4FC737F1-C7A5-4376-A066-2A32D752A2FF}</UniqueIdentifier>
      <Extensions>cpp;c;cc;cxx;def;odl;idl;hpj;bat;asm;asmx</Extensions>
    </Filter>
    <Filter Include="Header Files">
      <UniqueIdentifier>{93995380-89BD-4b04-88EB-625FBE52EBFB}</UniqueIdentifier>
      <Extensions>h;hh;hpp;hxx;hm;inl;inc;xsd</Extensions>
    </Filter>
    <Filter Include="Resource Files">
      <UniqueIdentifier>{67DA6AB6-F800-4c08-8B7A-83BB121AAD01}</UniqueIdentifier>
      <Extensions>rc;ico;cur;bmp;dlg;rc2;rct;bin;rgs;gif;jpg;jpeg;jpe;resx;tiff;tif;png;wav;mfcribbon-ms</Extensions>
    </Filter>
    <Filter Include="Source Files\Constants">
      <UniqueIdentifier>{18becbed-2b1d-48e1-9ace-01f0b6e2dd00}</UniqueIdentifier>
    </Filter>
    <Filter Include="Header Files\Constants">
      <UniqueIdentifier>{e2afea2a-1824-42a6-985e-eb48afda8440}</UniqueIdentifier>
    </Filter>
    <Filter Include="Header Files\Interfaces">
      <UniqueIdentifier>{89ab901e-64e5-4760-87fa-2c78a421a62e}</UniqueIdentifier>
    </Filter>
    <Filter Include="Header Files\Scenes">
      <UniqueIdentifier>{d1486620-99b1-4b2f-9063-9c8494339801}</UniqueIdentifier>
    </Filter>
    <Filter Include="Source Files\Scenes">
      <UniqueIdentifier>{02132df1-28b4-4ba8-a0f3-97d49b139731}</UniqueIdentifier>
    </Filter>
    <Filter Include="Source Files\Wrapper">
      <UniqueIdentifier>{6ccee8b8-2c72-4f34-affc-db4aa7af4123}</UniqueIdentifier>
    </Filter>
    <Filter Include="Header Files\GUI">
      <UniqueIdentifier>{81e01ce8-d19e-41a3-ba41-aae8636537a3}</UniqueIdentifier>
    </Filter>
    <Filter Include="Source Files\GUI">
      <UniqueIdentifier>{a6885b82-3343-4d50-887a-45e6c4942a42}</UniqueIdentifier>
    </Filter>
    <Filter Include="Source Files\Singleton">
      <UniqueIdentifier>{f7ca9093-e8f5-43de-9822-b41d7653cfbe}</UniqueIdentifier>
    </Filter>
    <Filter Include="Header Files\Singleton">
      <UniqueIdentifier>{c6ced6b6-158f-42ad-a73f-4ce00ec94d19}</UniqueIdentifier>
    </Filter>
    <Filter Include="Header Files\GUI\Wrapper">
      <UniqueIdentifier>{fd18f268-28b9-4809-9263-0c8fe8bec4de}</UniqueIdentifier>
    </Filter>
    <Filter Include="Source Files\GUI\Overlay">
      <UniqueIdentifier>{427ff523-1fae-4811-ab9e-dd18513d9e90}</UniqueIdentifier>
    </Filter>
    <Filter Include="Header Files\GUI\Overlay">
      <UniqueIdentifier>{b0b96634-fe76-4d1d-8432-3a075c4e2725}</UniqueIdentifier>
    </Filter>
  </ItemGroup>
  <ItemGroup>
    <ClCompile Include="client.cpp">
      <Filter>Source Files</Filter>
    </ClCompile>
    <ClCompile Include="Angles.cpp">
      <Filter>Source Files\Constants</Filter>
    </ClCompile>
    <ClCompile Include="Colors.cpp">
      <Filter>Source Files\Constants</Filter>
    </ClCompile>
    <ClCompile Include="MainMenuScene.cpp">
      <Filter>Source Files\Scenes</Filter>
    </ClCompile>
    <ClCompile Include="LoginScene.cpp">
      <Filter>Source Files\Scenes</Filter>
    </ClCompile>
    <ClCompile Include="Window.cpp">
      <Filter>Source Files\Wrapper</Filter>
    </ClCompile>
    <ClCompile Include="Renderer.cpp">
      <Filter>Source Files\Wrapper</Filter>
    </ClCompile>
    <ClCompile Include="Button.cpp">
      <Filter>Source Files\GUI</Filter>
    </ClCompile>
    <ClCompile Include="BattleShipsGui.cpp">
      <Filter>Source Files\GUI</Filter>
    </ClCompile>
    <ClCompile Include="Font.cpp">
      <Filter>Source Files\Wrapper</Filter>
    </ClCompile>
    <ClCompile Include="NotificationManager.cpp">
      <Filter>Source Files\GUI</Filter>
    </ClCompile>
    <ClCompile Include="Notification.cpp">
      <Filter>Source Files\GUI</Filter>
    </ClCompile>
    <ClCompile Include="TextureManager.cpp">
      <Filter>Source Files\Singleton</Filter>
    </ClCompile>
    <ClCompile Include="Stage.cpp">
      <Filter>Source Files\Singleton</Filter>
    </ClCompile>
    <ClCompile Include="Fonts.cpp">
      <Filter>Source Files\Singleton</Filter>
    </ClCompile>
    <ClCompile Include="Texture.cpp">
      <Filter>Source Files\GUI</Filter>
    </ClCompile>
    <ClCompile Include="Screen.cpp">
      <Filter>Source Files\GUI</Filter>
    </ClCompile>
    <ClCompile Include="MatchScene.cpp">
      <Filter>Source Files\Scenes</Filter>
    </ClCompile>
    <ClCompile Include="GameRenderer.cpp">
      <Filter>Source Files\GUI</Filter>
    </ClCompile>
    <ClCompile Include="SceneAction.cpp">
      <Filter>Source Files\Singleton</Filter>
    </ClCompile>
    <ClCompile Include="FindMatchesScene.cpp">
      <Filter>Source Files\Scenes</Filter>
    </ClCompile>
    <ClCompile Include="UnitInformation.cpp">
      <Filter>Source Files\GUI\Overlay</Filter>
    </ClCompile>
    <ClCompile Include="Ping.cpp">
      <Filter>Source Files\GUI\Overlay</Filter>
    </ClCompile>
    <ClCompile Include="OverlayElement.cpp">
      <Filter>Source Files\GUI\Overlay</Filter>
    </ClCompile>
    <ClCompile Include="Overlay.cpp">
      <Filter>Source Files\GUI\Overlay</Filter>
    </ClCompile>
    <ClCompile Include="InfoTexture.cpp">
      <Filter>Source Files\GUI\Overlay</Filter>
    </ClCompile>
    <ClCompile Include="MatchButton.cpp">
      <Filter>Source Files\GUI</Filter>
    </ClCompile>
    <ClCompile Include="BattleshipsRCP.cpp">
      <Filter>Source Files</Filter>
    </ClCompile>
    <ClCompile Include="ClientMessageMaker.cpp">
      <Filter>Source Files</Filter>
    </ClCompile>
    <ClCompile Include="Enums.cpp">
      <Filter>Source Files</Filter>
    </ClCompile>
  </ItemGroup>
  <ItemGroup>
    <ClInclude Include="Angles.h">
      <Filter>Header Files\Constants</Filter>
    </ClInclude>
    <ClInclude Include="Colors.h">
      <Filter>Header Files\Constants</Filter>
    </ClInclude>
    <ClInclude Include="EventHandler.h">
      <Filter>Header Files\Interfaces</Filter>
    </ClInclude>
    <ClInclude Include="Scene.h">
      <Filter>Header Files\Interfaces</Filter>
    </ClInclude>
    <ClInclude Include="Renderable.h">
      <Filter>Header Files\Interfaces</Filter>
    </ClInclude>
    <ClInclude Include="LoginScene.h">
      <Filter>Header Files\Scenes</Filter>
    </ClInclude>
    <ClInclude Include="MainMenuScene.h">
      <Filter>Header Files\Scenes</Filter>
    </ClInclude>
    <ClInclude Include="Window.h">
      <Filter>Header Files\GUI\Wrapper</Filter>
    </ClInclude>
    <ClInclude Include="Renderer.h">
      <Filter>Header Files\GUI\Wrapper</Filter>
    </ClInclude>
    <ClInclude Include="Button.h">
      <Filter>Header Files\GUI</Filter>
    </ClInclude>
    <ClInclude Include="BattleShipsGui.h">
      <Filter>Header Files\GUI</Filter>
    </ClInclude>
    <ClInclude Include="Font.h">
      <Filter>Header Files\GUI\Wrapper</Filter>
    </ClInclude>
    <ClInclude Include="NotificationManager.h">
      <Filter>Header Files\GUI</Filter>
    </ClInclude>
    <ClInclude Include="Notification.h">
      <Filter>Header Files\GUI</Filter>
    </ClInclude>
    <ClInclude Include="Stage.h">
      <Filter>Header Files\Singleton</Filter>
    </ClInclude>
    <ClInclude Include="Fonts.h">
      <Filter>Header Files\Singleton</Filter>
    </ClInclude>
    <ClInclude Include="TextureManager.h">
      <Filter>Header Files\Singleton</Filter>
    </ClInclude>
    <ClInclude Include="Screen.h">
      <Filter>Header Files\GUI</Filter>
    </ClInclude>
    <ClInclude Include="MatchScene.h">
      <Filter>Header Files\Scenes</Filter>
    </ClInclude>
    <ClInclude Include="GameRenderer.h">
      <Filter>Header Files\GUI</Filter>
    </ClInclude>
    <ClInclude Include="SceneAction.h">
      <Filter>Header Files\Singleton</Filter>
    </ClInclude>
    <ClInclude Include="MessageSender.h">
      <Filter>Header Files\Interfaces</Filter>
    </ClInclude>
    <ClInclude Include="FindMatchesScene.h">
      <Filter>Header Files\Scenes</Filter>
    </ClInclude>
    <ClInclude Include="Overlay.h">
      <Filter>Header Files\GUI\Overlay</Filter>
    </ClInclude>
    <ClInclude Include="InfoTexture.h">
      <Filter>Header Files\GUI\Overlay</Filter>
    </ClInclude>
    <ClInclude Include="OverlayElement.h">
      <Filter>Header Files\GUI\Overlay</Filter>
    </ClInclude>
    <ClInclude Include="Ping.h">
      <Filter>Header Files\GUI\Overlay</Filter>
    </ClInclude>
    <ClInclude Include="UnitInformation.h">
      <Filter>Header Files\GUI\Overlay</Filter>
    </ClInclude>
    <ClInclude Include="MatchButton.h">
      <Filter>Header Files\GUI</Filter>
    </ClInclude>
    <ClInclude Include="Texture.h">
      <Filter>Header Files\GUI</Filter>
    </ClInclude>
    <ClInclude Include="BattleshipsRCP.h">
      <Filter>Header Files</Filter>
    </ClInclude>
    <ClInclude Include="ClientMessageMaker.h">
      <Filter>Header Files</Filter>
    </ClInclude>
    <ClInclude Include="Enums.h">
      <Filter>Header Files</Filter>
    </ClInclude>
  </ItemGroup>
  <ItemGroup>
    <ResourceCompile Include="client.rc">
      <Filter>Resource Files</Filter>
    </ResourceCompile>
  </ItemGroup>
</Project>