<?xml version="1.0" encoding="utf-8"?>
<Project ToolsVersion="4.0" xmlns="http://schemas.microsoft.com/developer/msbuild/2003">
  <ItemGroup>
    <ClCompile Include="Main.cpp">
      <Filter>Source Files</Filter>
    </ClCompile>
    <ClCompile Include="Server.cpp">
      <Filter>Source Files</Filter>
    </ClCompile>
    <ClCompile Include="MessageHandler.cpp">
      <Filter>Source Files\MessageHandler</Filter>
    </ClCompile>
    <ClCompile Include="MessageQueue.cpp">
      <Filter>Source Files\MessageHandler</Filter>
    </ClCompile>
    <ClCompile Include="CurrentGame.cpp">
      <Filter>Source Files\Game</Filter>
    </ClCompile>
    <ClCompile Include="sqlite3.c">
      <Filter>Source Files\Database</Filter>
    </ClCompile>
    <ClCompile Include="BattleshipsDataSystem.cpp">
      <Filter>Source Files\Database</Filter>
    </ClCompile>
    <ClCompile Include="ServerMessageMaker.cpp">
      <Filter>Source Files</Filter>
    </ClCompile>
    <ClCompile Include="ServerUser.cpp">
      <Filter>Source Files\Game</Filter>
    </ClCompile>
  </ItemGroup>
  <ItemGroup>
    <ClInclude Include="Server.h">
      <Filter>Header Files</Filter>
    </ClInclude>
    <ClInclude Include="MessageQueue.h">
      <Filter>Header Files\MessageHandler</Filter>
    </ClInclude>
    <ClInclude Include="MessageHandler.h">
      <Filter>Header Files\MessageHandler</Filter>
    </ClInclude>
    <ClInclude Include="CurrentGame.h">
      <Filter>Header Files\Game</Filter>
    </ClInclude>
    <ClInclude Include="ServerUser.h">
      <Filter>Header Files\Game</Filter>
    </ClInclude>
    <ClInclude Include="sqlite3.h">
      <Filter>Header Files\Database</Filter>
    </ClInclude>
    <ClInclude Include="BattleshipsDataSystem.h">
      <Filter>Header Files\Database</Filter>
    </ClInclude>
    <ClInclude Include="ServerMessageMaker.h">
      <Filter>Header Files</Filter>
    </ClInclude>
    <ClInclude Include="LoadedGame.h">
      <Filter>Header Files\Game</Filter>
    </ClInclude>
    <ClInclude Include="SavedGame.h">
      <Filter>Header Files\Game</Filter>
    </ClInclude>
    <ClInclude Include="ClientRequestValues.h">
      <Filter>Header Files</Filter>
    </ClInclude>
    <ClInclude Include="GameInfo.h">
      <Filter>Header Files\Game</Filter>
    </ClInclude>
  </ItemGroup>
  <ItemGroup>
    <Filter Include="Header Files">
      <UniqueIdentifier>{6cf4b925-808f-45ea-89e1-b3aa48abbc00}</UniqueIdentifier>
    </Filter>
    <Filter Include="Source Files">
      <UniqueIdentifier>{0a2cf4fb-776e-4626-962c-00d2c805bb1e}</UniqueIdentifier>
    </Filter>
    <Filter Include="Header Files\MessageHandler">
      <UniqueIdentifier>{ccf62d6e-a3bd-48a4-89cd-91abf766c6f8}</UniqueIdentifier>
    </Filter>
    <Filter Include="Source Files\MessageHandler">
      <UniqueIdentifier>{3ef2b359-f82c-4c5c-9a28-2551c318d88d}</UniqueIdentifier>
    </Filter>
    <Filter Include="Header Files\Game">
      <UniqueIdentifier>{6a66c38d-dd41-4c43-aedd-560a339c335b}</UniqueIdentifier>
    </Filter>
    <Filter Include="Source Files\Game">
      <UniqueIdentifier>{67021316-faab-466d-81d5-f53ac34375c7}</UniqueIdentifier>
    </Filter>
    <Filter Include="Header Files\Database">
      <UniqueIdentifier>{e47e4f1d-c125-4623-836e-22d9b8417853}</UniqueIdentifier>
    </Filter>
    <Filter Include="Source Files\Database">
      <UniqueIdentifier>{381e5ac0-c247-4e95-bcf5-e5b99d12661b}</UniqueIdentifier>
    </Filter>
  </ItemGroup>
</Project>